
Microsoft Visual Studio Solution File, Format Version 12.00
# Visual Studio Version 16
VisualStudioVersion = 16.0.810.5
MinimumVisualStudioVersion = 10.0.40219.1
Project("{FAE04EC0-301F-11D3-BF4B-00C04F79EFBC}") = "pmt-security", "pmt-security.csproj", "{219A4C21-6D3F-4F74-9C72-F5147C675E56}"
EndProject
Global
	GlobalSection(SolutionConfigurationPlatforms) = preSolution
		Debug|Any CPU = Debug|Any CPU
		Release|Any CPU = Release|Any CPU
	EndGlobalSection
	GlobalSection(ProjectConfigurationPlatforms) = postSolution
		{219A4C21-6D3F-4F74-9C72-F5147C675E56}.Debug|Any CPU.ActiveCfg = Debug|Any CPU
		{219A4C21-6D3F-4F74-9C72-F5147C675E56}.Debug|Any CPU.Build.0 = Debug|Any CPU
		{219A4C21-6D3F-4F74-9C72-F5147C675E56}.Release|Any CPU.ActiveCfg = Release|Any CPU
		{219A4C21-6D3F-4F74-9C72-F5147C675E56}.Release|Any CPU.Build.0 = Release|Any CPU
	EndGlobalSection
	GlobalSection(SolutionProperties) = preSolution
		HideSolutionNode = FALSE
	EndGlobalSection
	GlobalSection(ExtensibilityGlobals) = postSolution
		SolutionGuid = {EFC3D9D0-2864-4B5D-B4BB-A13C0665F743}
	EndGlobalSection
EndGlobal
